
Microsoft Visual Studio Solution File, Format Version 12.00
Project("{FAE04EC0-301F-11D3-BF4B-00C04F79EFBC}") = "AzureStorageBlobUploadPOC", "AzureStorageBlobUploadPOC\AzureStorageBlobUploadPOC.csproj", "{B82D6BC0-FF1C-43AB-9AF3-E4C69A4B985C}"
EndProject
Global
	GlobalSection(SolutionConfigurationPlatforms) = preSolution
		Debug|Any CPU = Debug|Any CPU
		Release|Any CPU = Release|Any CPU
	EndGlobalSection
	GlobalSection(ProjectConfigurationPlatforms) = postSolution
		{B82D6BC0-FF1C-43AB-9AF3-E4C69A4B985C}.Debug|Any CPU.ActiveCfg = Debug|Any CPU
		{B82D6BC0-FF1C-43AB-9AF3-E4C69A4B985C}.Debug|Any CPU.Build.0 = Debug|Any CPU
		{B82D6BC0-FF1C-43AB-9AF3-E4C69A4B985C}.Release|Any CPU.ActiveCfg = Release|Any CPU
		{B82D6BC0-FF1C-43AB-9AF3-E4C69A4B985C}.Release|Any CPU.Build.0 = Release|Any CPU
	EndGlobalSection
EndGlobal
